Microsoft Visual Studio Solution File, Format Version 12.00
# Visual Studio Version 17
VisualStudioVersion = 17.5.2.0
MinimumVisualStudioVersion = 10.0.40219.1
Project("{FAE04EC0-301F-11D3-BF4B-00C04F79EFBC}") = "WeddingInvites", "WeddingInvites.csproj", "{981F2674-69EF-E00E-48DD-EC699AD39DF5}"
EndProject
Global
	GlobalSection(SolutionConfigurationPlatforms) = preSolution
		Debug|Any CPU = Debug|Any CPU
		Release|Any CPU = Release|Any CPU
	EndGlobalSection
	GlobalSection(ProjectConfigurationPlatforms) = postSolution
		{981F2674-69EF-E00E-48DD-EC699AD39DF5}.Debug|Any CPU.ActiveCfg = Debug|Any CPU
		{981F2674-69EF-E00E-48DD-EC699AD39DF5}.Debug|Any CPU.Build.0 = Debug|Any CPU
		{981F2674-69EF-E00E-48DD-EC699AD39DF5}.Release|Any CPU.ActiveCfg = Release|Any CPU
		{981F2674-69EF-E00E-48DD-EC699AD39DF5}.Release|Any CPU.Build.0 = Release|Any CPU
	EndGlobalSection
	GlobalSection(SolutionProperties) = preSolution
		HideSolutionNode = FALSE
	EndGlobalSection
	GlobalSection(ExtensibilityGlobals) = postSolution
		SolutionGuid = {DF024772-6907-4BFC-9B84-29AC91FB16A1}
	EndGlobalSection
EndGlobal
